
Microsoft Visual Studio Solution File, Format Version 12.00
# Visual Studio Version 16
VisualStudioVersion = 16.0.29609.76
MinimumVisualStudioVersion = 10.0.40219.1
Project("{9A19103F-16F7-4668-BE54-9A1E7A4F7556}") = "CampFinder-Core.Api", "CampFinder-Core.Api\CampFinder-Core.Api.csproj", "{D33ACB56-0E3E-490B-9D5C-CFBA2911FC8E}"
EndProject
Project("{9A19103F-16F7-4668-BE54-9A1E7A4F7556}") = "CampFinder.Models", "CampFinder.Models\CampFinder.Models.csproj", "{251D80C9-C808-4ADB-AB16-20D90B272B69}"
EndProject
Project("{9A19103F-16F7-4668-BE54-9A1E7A4F7556}") = "CampFinder.DbContext", "CampFinder.DbContext\CampFinder.DbContext.csproj", "{FBB876A1-8490-4CDD-B104-B96D688BB9F3}"
EndProject
Project("{9A19103F-16F7-4668-BE54-9A1E7A4F7556}") = "CampFinder.ViewModels", "CampFinder.ViewModels\CampFinder.ViewModels.csproj", "{8327E7AA-1EB4-4994-911C-CD60EDA0ED0F}"
EndProject
Project("{9A19103F-16F7-4668-BE54-9A1E7A4F7556}") = "CampFinder.Managers", "CampFinder.Managers\CampFinder.Managers.csproj", "{4EE7FC6E-50F2-4EFE-8C92-1033EC360EA2}"
EndProject
Project("{9A19103F-16F7-4668-BE54-9A1E7A4F7556}") = "CampFinder.AutoMapperConfiguration", "AutoMapperConfiguration\CampFinder.AutoMapperConfiguration.csproj", "{C2FA3731-8741-43A2-A16E-78B0BB157F85}"
EndProject
Project("{2150E333-8FDC-42A3-9474-1A3956D46DE8}") = "Migrations", "Migrations", "{A2A9B137-DFCA-4BB6-B81F-A3306B196E3D}"
	ProjectSection(SolutionItems) = preProject
		CampFinderDb.sql = CampFinderDb.sql
	EndProjectSection
EndProject
Global
	GlobalSection(SolutionConfigurationPlatforms) = preSolution
		Debug|Any CPU = Debug|Any CPU
		Release|Any CPU = Release|Any CPU
	EndGlobalSection
	GlobalSection(ProjectConfigurationPlatforms) = postSolution
		{D33ACB56-0E3E-490B-9D5C-CFBA2911FC8E}.Debug|Any CPU.ActiveCfg = Debug|Any CPU
		{D33ACB56-0E3E-490B-9D5C-CFBA2911FC8E}.Debug|Any CPU.Build.0 = Debug|Any CPU
		{D33ACB56-0E3E-490B-9D5C-CFBA2911FC8E}.Release|Any CPU.ActiveCfg = Release|Any CPU
		{D33ACB56-0E3E-490B-9D5C-CFBA2911FC8E}.Release|Any CPU.Build.0 = Release|Any CPU
		{251D80C9-C808-4ADB-AB16-20D90B272B69}.Debug|Any CPU.ActiveCfg = Debug|Any CPU
		{251D80C9-C808-4ADB-AB16-20D90B272B69}.Debug|Any CPU.Build.0 = Debug|Any CPU
		{251D80C9-C808-4ADB-AB16-20D90B272B69}.Release|Any CPU.ActiveCfg = Release|Any CPU
		{251D80C9-C808-4ADB-AB16-20D90B272B69}.Release|Any CPU.Build.0 = Release|Any CPU
		{FBB876A1-8490-4CDD-B104-B96D688BB9F3}.Debug|Any CPU.ActiveCfg = Debug|Any CPU
		{FBB876A1-8490-4CDD-B104-B96D688BB9F3}.Debug|Any CPU.Build.0 = Debug|Any CPU
		{FBB876A1-8490-4CDD-B104-B96D688BB9F3}.Release|Any CPU.ActiveCfg = Release|Any CPU
		{FBB876A1-8490-4CDD-B104-B96D688BB9F3}.Release|Any CPU.Build.0 = Release|Any CPU
		{8327E7AA-1EB4-4994-911C-CD60EDA0ED0F}.Debug|Any CPU.ActiveCfg = Debug|Any CPU
		{8327E7AA-1EB4-4994-911C-CD60EDA0ED0F}.Debug|Any CPU.Build.0 = Debug|Any CPU
		{8327E7AA-1EB4-4994-911C-CD60EDA0ED0F}.Release|Any CPU.ActiveCfg = Release|Any CPU
		{8327E7AA-1EB4-4994-911C-CD60EDA0ED0F}.Release|Any CPU.Build.0 = Release|Any CPU
		{4EE7FC6E-50F2-4EFE-8C92-1033EC360EA2}.Debug|Any CPU.ActiveCfg = Debug|Any CPU
		{4EE7FC6E-50F2-4EFE-8C92-1033EC360EA2}.Debug|Any CPU.Build.0 = Debug|Any CPU
		{4EE7FC6E-50F2-4EFE-8C92-1033EC360EA2}.Release|Any CPU.ActiveCfg = Release|Any CPU
		{4EE7FC6E-50F2-4EFE-8C92-1033EC360EA2}.Release|Any CPU.Build.0 = Release|Any CPU
		{C2FA3731-8741-43A2-A16E-78B0BB157F85}.Debug|Any CPU.ActiveCfg = Debug|Any CPU
		{C2FA3731-8741-43A2-A16E-78B0BB157F85}.Debug|Any CPU.Build.0 = Debug|Any CPU
		{C2FA3731-8741-43A2-A16E-78B0BB157F85}.Release|Any CPU.ActiveCfg = Release|Any CPU
		{C2FA3731-8741-43A2-A16E-78B0BB157F85}.Release|Any CPU.Build.0 = Release|Any CPU
	EndGlobalSection
	GlobalSection(SolutionProperties) = preSolution
		HideSolutionNode = FALSE
	EndGlobalSection
	GlobalSection(ExtensibilityGlobals) = postSolution
		SolutionGuid = {D5C64BCB-A18D-4BB1-B6AA-BD9F63B0F4BD}
	EndGlobalSection
EndGlobal
