
Microsoft Visual Studio Solution File, Format Version 12.00
# Visual Studio Version 16
VisualStudioVersion = 16.0.29609.76
MinimumVisualStudioVersion = 10.0.40219.1
Project("{FAE04EC0-301F-11D3-BF4B-00C04F79EFBC}") = "CampFinder-Core.Api", "CampFinder-Core.Api\CampFinder-Core.Api.csproj", "{D33ACB56-0E3E-490B-9D5C-CFBA2911FC8E}"
EndProject
Project("{FAE04EC0-301F-11D3-BF4B-00C04F79EFBC}") = "CampFinder.Models", "CampFinder.Models\CampFinder.Models.csproj", "{251D80C9-C808-4ADB-AB16-20D90B272B69}"
EndProject
Project("{FAE04EC0-301F-11D3-BF4B-00C04F79EFBC}") = "CampFinder.Repositories", "CampFinder.Repositories\CampFinder.Repositories.csproj", "{DF5FF271-337F-491C-993E-A85B249CEC88}"
EndProject
Project("{FAE04EC0-301F-11D3-BF4B-00C04F79EFBC}") = "CampFinder.DbContext", "CampFinder.DbContext\CampFinder.DbContext.csproj", "{FBB876A1-8490-4CDD-B104-B96D688BB9F3}"
EndProject
Project("{FAE04EC0-301F-11D3-BF4B-00C04F79EFBC}") = "CampFinder.ViewModels", "CampFinder.ViewModels\CampFinder.ViewModels.csproj", "{8327E7AA-1EB4-4994-911C-CD60EDA0ED0F}"
EndProject
Project("{FAE04EC0-301F-11D3-BF4B-00C04F79EFBC}") = "CampFinder.Managers", "CampFinder.Managers\CampFinder.Managers.csproj", "{4EE7FC6E-50F2-4EFE-8C92-1033EC360EA2}"
EndProject
Global
	GlobalSection(SolutionConfigurationPlatforms) = preSolution
		Debug|Any CPU = Debug|Any CPU
		Release|Any CPU = Release|Any CPU
	EndGlobalSection
	GlobalSection(ProjectConfigurationPlatforms) = postSolution
		{D33ACB56-0E3E-490B-9D5C-CFBA2911FC8E}.Debug|Any CPU.ActiveCfg = Debug|Any CPU
		{D33ACB56-0E3E-490B-9D5C-CFBA2911FC8E}.Debug|Any CPU.Build.0 = Debug|Any CPU
		{D33ACB56-0E3E-490B-9D5C-CFBA2911FC8E}.Release|Any CPU.ActiveCfg = Release|Any CPU
		{D33ACB56-0E3E-490B-9D5C-CFBA2911FC8E}.Release|Any CPU.Build.0 = Release|Any CPU
		{251D80C9-C808-4ADB-AB16-20D90B272B69}.Debug|Any CPU.ActiveCfg = Debug|Any CPU
		{251D80C9-C808-4ADB-AB16-20D90B272B69}.Debug|Any CPU.Build.0 = Debug|Any CPU
		{251D80C9-C808-4ADB-AB16-20D90B272B69}.Release|Any CPU.ActiveCfg = Release|Any CPU
		{251D80C9-C808-4ADB-AB16-20D90B272B69}.Release|Any CPU.Build.0 = Release|Any CPU
		{DF5FF271-337F-491C-993E-A85B249CEC88}.Debug|Any CPU.ActiveCfg = Debug|Any CPU
		{DF5FF271-337F-491C-993E-A85B249CEC88}.Debug|Any CPU.Build.0 = Debug|Any CPU
		{DF5FF271-337F-491C-993E-A85B249CEC88}.Release|Any CPU.ActiveCfg = Release|Any CPU
		{DF5FF271-337F-491C-993E-A85B249CEC88}.Release|Any CPU.Build.0 = Release|Any CPU
		{FBB876A1-8490-4CDD-B104-B96D688BB9F3}.Debug|Any CPU.ActiveCfg = Debug|Any CPU
		{FBB876A1-8490-4CDD-B104-B96D688BB9F3}.Debug|Any CPU.Build.0 = Debug|Any CPU
		{FBB876A1-8490-4CDD-B104-B96D688BB9F3}.Release|Any CPU.ActiveCfg = Release|Any CPU
		{FBB876A1-8490-4CDD-B104-B96D688BB9F3}.Release|Any CPU.Build.0 = Release|Any CPU
		{8327E7AA-1EB4-4994-911C-CD60EDA0ED0F}.Debug|Any CPU.ActiveCfg = Debug|Any CPU
		{8327E7AA-1EB4-4994-911C-CD60EDA0ED0F}.Debug|Any CPU.Build.0 = Debug|Any CPU
		{8327E7AA-1EB4-4994-911C-CD60EDA0ED0F}.Release|Any CPU.ActiveCfg = Release|Any CPU
		{8327E7AA-1EB4-4994-911C-CD60EDA0ED0F}.Release|Any CPU.Build.0 = Release|Any CPU
		{4EE7FC6E-50F2-4EFE-8C92-1033EC360EA2}.Debug|Any CPU.ActiveCfg = Debug|Any CPU
		{4EE7FC6E-50F2-4EFE-8C92-1033EC360EA2}.Debug|Any CPU.Build.0 = Debug|Any CPU
		{4EE7FC6E-50F2-4EFE-8C92-1033EC360EA2}.Release|Any CPU.ActiveCfg = Release|Any CPU
		{4EE7FC6E-50F2-4EFE-8C92-1033EC360EA2}.Release|Any CPU.Build.0 = Release|Any CPU
	EndGlobalSection
	GlobalSection(SolutionProperties) = preSolution
		HideSolutionNode = FALSE
	EndGlobalSection
	GlobalSection(ExtensibilityGlobals) = postSolution
		SolutionGuid = {D5C64BCB-A18D-4BB1-B6AA-BD9F63B0F4BD}
	EndGlobalSection
EndGlobal
